Microsoft Visual Studio Solution File, Format Version 12.00
# Visual Studio 14
VisualStudioVersion = 14.0.25420.1
MinimumVisualStudioVersion = 10.0.40219.1
Project("{D954291E-2A0B-460D-934E-DC6B0785DB48}") = "Dicer", "Dicer\Dicer.shproj", "{172B1CD4-8D84-49CB-9A20-262DF3BDBEEF}"
EndProject
Project("{FAE04EC0-301F-11D3-BF4B-00C04F79EFBC}") = "Dicer.iOS", "iOS\Dicer.iOS.csproj", "{3D3F86B3-1F69-4E0E-8815-F31143E30125}"
EndProject
Project("{FAE04EC0-301F-11D3-BF4B-00C04F79EFBC}") = "Dicer.Droid", "Droid\Dicer.Droid.csproj", "{3A03A257-6CA9-4BA0-AB1D-1A2B7C0C65B4}"
EndProject
Global
	GlobalSection(SharedMSBuildProjectFiles) = preSolution
		Dicer\Dicer.projitems*{172b1cd4-8d84-49cb-9a20-262df3bdbeef}*SharedItemsImports = 13
		Dicer\Dicer.projitems*{3a03a257-6ca9-4ba0-ab1d-1a2b7c0c65b4}*SharedItemsImports = 4
		Dicer\Dicer.projitems*{3d3f86b3-1f69-4e0e-8815-f31143e30125}*SharedItemsImports = 4
	EndGlobalSection
	GlobalSection(SolutionConfigurationPlatforms) = preSolution
		Debug|Any CPU = Debug|Any CPU
		Debug|iPhone = Debug|iPhone
		Debug|iPhoneSimulator = Debug|iPhoneSimulator
		Release|Any CPU = Release|Any CPU
		Release|iPhone = Release|iPhone
		Release|iPhoneSimulator = Release|iPhoneSimulator
	EndGlobalSection
	GlobalSection(ProjectConfigurationPlatforms) = postSolution
		{3D3F86B3-1F69-4E0E-8815-F31143E30125}.Debug|Any CPU.ActiveCfg = Debug|iPhone
		{3D3F86B3-1F69-4E0E-8815-F31143E30125}.Debug|Any CPU.Build.0 = Debug|iPhone
		{3D3F86B3-1F69-4E0E-8815-F31143E30125}.Debug|iPhone.ActiveCfg = Debug|iPhone
		{3D3F86B3-1F69-4E0E-8815-F31143E30125}.Debug|iPhone.Build.0 = Debug|iPhone
		{3D3F86B3-1F69-4E0E-8815-F31143E30125}.Debug|iPhoneSimulator.ActiveCfg = Debug|iPhoneSimulator
		{3D3F86B3-1F69-4E0E-8815-F31143E30125}.Debug|iPhoneSimulator.Build.0 = Debug|iPhoneSimulator
		{3D3F86B3-1F69-4E0E-8815-F31143E30125}.Release|Any CPU.ActiveCfg = Release|iPhone
		{3D3F86B3-1F69-4E0E-8815-F31143E30125}.Release|Any CPU.Build.0 = Release|iPhone
		{3D3F86B3-1F69-4E0E-8815-F31143E30125}.Release|iPhone.ActiveCfg = Release|iPhone
		{3D3F86B3-1F69-4E0E-8815-F31143E30125}.Release|iPhone.Build.0 = Release|iPhone
		{3D3F86B3-1F69-4E0E-8815-F31143E30125}.Release|iPhoneSimulator.ActiveCfg = Release|iPhoneSimulator
		{3D3F86B3-1F69-4E0E-8815-F31143E30125}.Release|iPhoneSimulator.Build.0 = Release|iPhoneSimulator
		{3A03A257-6CA9-4BA0-AB1D-1A2B7C0C65B4}.Debug|Any CPU.ActiveCfg = Debug|Any CPU
		{3A03A257-6CA9-4BA0-AB1D-1A2B7C0C65B4}.Debug|Any CPU.Build.0 = Debug|Any CPU
		{3A03A257-6CA9-4BA0-AB1D-1A2B7C0C65B4}.Debug|Any CPU.Deploy.0 = Debug|Any CPU
		{3A03A257-6CA9-4BA0-AB1D-1A2B7C0C65B4}.Debug|iPhone.ActiveCfg = Debug|Any CPU
		{3A03A257-6CA9-4BA0-AB1D-1A2B7C0C65B4}.Debug|iPhone.Build.0 = Debug|Any CPU
		{3A03A257-6CA9-4BA0-AB1D-1A2B7C0C65B4}.Debug|iPhoneSimulator.ActiveCfg = Debug|Any CPU
		{3A03A257-6CA9-4BA0-AB1D-1A2B7C0C65B4}.Debug|iPhoneSimulator.Build.0 = Debug|Any CPU
		{3A03A257-6CA9-4BA0-AB1D-1A2B7C0C65B4}.Release|Any CPU.ActiveCfg = Release|Any CPU
		{3A03A257-6CA9-4BA0-AB1D-1A2B7C0C65B4}.Release|Any CPU.Build.0 = Release|Any CPU
		{3A03A257-6CA9-4BA0-AB1D-1A2B7C0C65B4}.Release|Any CPU.Deploy.0 = Release|Any CPU
		{3A03A257-6CA9-4BA0-AB1D-1A2B7C0C65B4}.Release|iPhone.ActiveCfg = Release|Any CPU
		{3A03A257-6CA9-4BA0-AB1D-1A2B7C0C65B4}.Release|iPhone.Build.0 = Release|Any CPU
		{3A03A257-6CA9-4BA0-AB1D-1A2B7C0C65B4}.Release|iPhoneSimulator.ActiveCfg = Release|Any CPU
		{3A03A257-6CA9-4BA0-AB1D-1A2B7C0C65B4}.Release|iPhoneSimulator.Build.0 = Release|Any CPU
	EndGlobalSection
	GlobalSection(SolutionProperties) = preSolution
		HideSolutionNode = FALSE
	EndGlobalSection
EndGlobal
